
Microsoft Visual Studio Solution File, Format Version 12.00
# Visual Studio Version 17
VisualStudioVersion = 17.10.35122.118
MinimumVisualStudioVersion = 10.0.40219.1
Project("{FAE04EC0-301F-11D3-BF4B-00C04F79EFBC}") = "Centralidades", "Centralidades\Centralidades.csproj", "{A233E56B-DDB6-447C-893B-B1AA7938DEAF}"
EndProject
Global
	GlobalSection(SolutionConfigurationPlatforms) = preSolution
		Debug|Any CPU = Debug|Any CPU
		Release|Any CPU = Release|Any CPU
	EndGlobalSection
	GlobalSection(ProjectConfigurationPlatforms) = postSolution
		{A233E56B-DDB6-447C-893B-B1AA7938DEAF}.Debug|Any CPU.ActiveCfg = Debug|Any CPU
		{A233E56B-DDB6-447C-893B-B1AA7938DEAF}.Debug|Any CPU.Build.0 = Debug|Any CPU
		{A233E56B-DDB6-447C-893B-B1AA7938DEAF}.Release|Any CPU.ActiveCfg = Release|Any CPU
		{A233E56B-DDB6-447C-893B-B1AA7938DEAF}.Release|Any CPU.Build.0 = Release|Any CPU
	EndGlobalSection
	GlobalSection(SolutionProperties) = preSolution
		HideSolutionNode = FALSE
	EndGlobalSection
	GlobalSection(ExtensibilityGlobals) = postSolution
		SolutionGuid = {6F9BD691-B057-45FF-BD00-9D6A92CEA45B}
	EndGlobalSection
EndGlobal
